PODS:
  - Alamofire (5.11.0)
  - Google-Mobile-Ads-SDK (13.11.0):
    - GoogleUserMessagingPlatform (>= 1.1)
  - GoogleUserMessagingPlatform (3.1.0)

DEPENDENCIES:
  - Alamofire
  - Google-Mobile-Ads-SDK (= 13.11.0)

SPEC REPOS:
  trunk:
    - Alamofire
    - Google-Mobile-Ads-SDK
    - GoogleUserMessagingPlatform

SPEC CHECKSUMS:
  Alamofire: bd5e7b23a1a750975288482c1831d71e74415f86
  Google-Mobile-Ads-SDK: 09d0868abe43b9f851b7b340a245679f0eafc96c
  GoogleUserMessagingPlatform: befe603da6501006420c206222acd449bba45a9c

PODFILE CHECKSUM: af9ab4934cc76ec7bdd60ea7ef000844a98341cb

COCOAPODS: 1.17.0
